
Microsoft Visual Studio Solution File, Format Version 12.00
# Visual Studio 2013
VisualStudioVersion = 12.0.31101.0
MinimumVisualStudioVersion = 10.0.40219.1
Project("{F184B08F-C81C-45F6-A57F-5ABD9991F28F}") = "MyNewWebApplication", "MyNewWebApplication\MyNewWebApplication.vbproj", "{60C8F2C0-90D2-42AC-93FC-C8D9F9AE223E}"
EndProject
Global
	GlobalSection(SolutionConfigurationPlatforms) = preSolution
		Debug|Any CPU = Debug|Any CPU
		Release|Any CPU = Release|Any CPU
	EndGlobalSection
	GlobalSection(ProjectConfigurationPlatforms) = postSolution
		{60C8F2C0-90D2-42AC-93FC-C8D9F9AE223E}.Debug|Any CPU.ActiveCfg = Debug|Any CPU
		{60C8F2C0-90D2-42AC-93FC-C8D9F9AE223E}.Debug|Any CPU.Build.0 = Debug|Any CPU
		{60C8F2C0-90D2-42AC-93FC-C8D9F9AE223E}.Release|Any CPU.ActiveCfg = Release|Any CPU
		{60C8F2C0-90D2-42AC-93FC-C8D9F9AE223E}.Release|Any CPU.Build.0 = Release|Any CPU
	EndGlobalSection
	GlobalSection(SolutionProperties) = preSolution
		HideSolutionNode = FALSE
	EndGlobalSection
EndGlobal
